
Microsoft Visual Studio Solution File, Format Version 12.00
# Visual Studio 2013
VisualStudioVersion = 12.0.30501.0
MinimumVisualStudioVersion = 10.0.40219.1
Project("{FAE04EC0-301F-11D3-BF4B-00C04F79EFBC}") = "LearningAzure", "LearningAzure\LearningAzure.csproj", "{34A50A4B-C813-4656-84B4-70F14C6EBDBD}"
EndProject
Project("{2150E333-8FDC-42A3-9474-1A3956D46DE8}") = "PublishScripts", "PublishScripts", "{7DE35C39-4378-4197-9A47-9A6958B0AD6E}"
	ProjectSection(SolutionItems) = preProject
		PublishScripts\AzureWebsitePublishModule.psm1 = PublishScripts\AzureWebsitePublishModule.psm1
		PublishScripts\Publish-WebApplicationWebsite.ps1 = PublishScripts\Publish-WebApplicationWebsite.ps1
	EndProjectSection
EndProject
Project("{2150E333-8FDC-42A3-9474-1A3956D46DE8}") = "Configurations", "Configurations", "{329E07D1-C685-4B25-8092-3C97367191FF}"
	ProjectSection(SolutionItems) = preProject
		PublishScripts\Configurations\LearningAzure-WAWS-dev.json = PublishScripts\Configurations\LearningAzure-WAWS-dev.json
	EndProjectSection
EndProject
Global
	GlobalSection(SolutionConfigurationPlatforms) = preSolution
		Debug|Any CPU = Debug|Any CPU
		Release|Any CPU = Release|Any CPU
	EndGlobalSection
	GlobalSection(ProjectConfigurationPlatforms) = postSolution
		{34A50A4B-C813-4656-84B4-70F14C6EBDBD}.Debug|Any CPU.ActiveCfg = Debug|Any CPU
		{34A50A4B-C813-4656-84B4-70F14C6EBDBD}.Debug|Any CPU.Build.0 = Debug|Any CPU
		{34A50A4B-C813-4656-84B4-70F14C6EBDBD}.Release|Any CPU.ActiveCfg = Release|Any CPU
		{34A50A4B-C813-4656-84B4-70F14C6EBDBD}.Release|Any CPU.Build.0 = Release|Any CPU
	EndGlobalSection
	GlobalSection(SolutionProperties) = preSolution
		HideSolutionNode = FALSE
	EndGlobalSection
	GlobalSection(NestedProjects) = preSolution
		{329E07D1-C685-4B25-8092-3C97367191FF} = {7DE35C39-4378-4197-9A47-9A6958B0AD6E}
	EndGlobalSection
EndGlobal
